<?xml version="1.0" encoding="utf-8"?>
<Project ToolsVersion="18.0" xmlns="http://schemas.microsoft.com/developer/msbuild/2003">
  <ItemGroup>
    <ClCompile Include="D:\GameDev\X3Native-attach\app\main.cpp">
      <Filter>Source Files</Filter>
    </ClCompile>
    <ClCompile Include="D:\GameDev\X3Native-attach\app\bindings.cpp">
      <Filter>Source Files</Filter>
    </ClCompile>
    <ClCompile Include="D:\GameDev\X3Native-attach\app\self_tests.cpp">
      <Filter>Source Files</Filter>
    </ClCompile>
    <ClCompile Include="D:\GameDev\X3Native-attach\app\test_registry.cpp">
      <Filter>Source Files</Filter>
    </ClCompile>
    <ClCompile Include="D:\GameDev\X3Native-attach\app\cinematic.cpp">
      <Filter>Source Files</Filter>
    </ClCompile>
    <ClCompile Include="D:\GameDev\X3Native-attach\app\cli.cpp">
      <Filter>Source Files</Filter>
    </ClCompile>
    <ClCompile Include="D:\GameDev\X3Native-attach\app\app_run.cpp">
      <Filter>Source Files</Filter>
    </ClCompile>
    <ClCompile Include="D:\GameDev\X3Native-attach\app\screenshot_hosts.cpp">
      <Filter>Source Files</Filter>
    </ClCompile>
    <ClCompile Include="D:\GameDev\X3Native-attach\app\world_hosts\world_hosts.cpp">
      <Filter>Source Files</Filter>
    </ClCompile>
    <ClCompile Include="D:\GameDev\X3Native-attach\app\world_hosts\host_destruct.cpp">
      <Filter>Source Files</Filter>
    </ClCompile>
    <ClCompile Include="D:\GameDev\X3Native-attach\app\world_hosts\host_physjoint.cpp">
      <Filter>Source Files</Filter>
    </ClCompile>
    <ClCompile Include="D:\GameDev\X3Native-attach\app\world_hosts\host_ragdoll.cpp">
      <Filter>Source Files</Filter>
    </ClCompile>
    <ClCompile Include="D:\GameDev\X3Native-attach\app\world_hosts\host_drive.cpp">
      <Filter>Source Files</Filter>
    </ClCompile>
    <ClCompile Include="D:\GameDev\X3Native-attach\app\world_hosts\host_club.cpp">
      <Filter>Source Files</Filter>
    </ClCompile>
    <ClCompile Include="D:\GameDev\X3Native-attach\app\world_hosts\host_showroom.cpp">
      <Filter>Source Files</Filter>
    </ClCompile>
    <ClCompile Include="D:\GameDev\X3Native-attach\app\world_hosts\host_valley.cpp">
      <Filter>Source Files</Filter>
    </ClCompile>
    <ClCompile Include="D:\GameDev\X3Native-attach\app\world_hosts\host_cliffs.cpp">
      <Filter>Source Files</Filter>
    </ClCompile>
    <ClCompile Include="D:\GameDev\X3Native-attach\app\world_hosts\host_streamed.cpp">
      <Filter>Source Files</Filter>
    </ClCompile>
    <ClCompile Include="D:\GameDev\X3Native-attach\app\world_hosts\host_space.cpp">
      <Filter>Source Files</Filter>
    </ClCompile>
    <ClCompile Include="D:\GameDev\X3Native-attach\app\world_hosts\host_strata.cpp">
      <Filter>Source Files</Filter>
    </ClCompile>
    <ClCompile Include="D:\GameDev\X3Native-attach\app\world_hosts\host_elevator.cpp">
      <Filter>Source Files</Filter>
    </ClCompile>
    <ClCompile Include="D:\GameDev\X3Native-attach\app\world_hosts\host_surface_start.cpp">
      <Filter>Source Files</Filter>
    </ClCompile>
    <ClCompile Include="D:\GameDev\X3Native-attach\app\world_hosts\host_rifthub.cpp">
      <Filter>Source Files</Filter>
    </ClCompile>
    <ClCompile Include="D:\GameDev\X3Native-attach\app\rifthub.cpp">
      <Filter>Source Files</Filter>
    </ClCompile>
    <ClCompile Include="D:\GameDev\X3Native-attach\app\rift_depths.cpp">
      <Filter>Source Files</Filter>
    </ClCompile>
    <ClCompile Include="D:\GameDev\X3Native-attach\app\rift_console.cpp">
      <Filter>Source Files</Filter>
    </ClCompile>
    <ClCompile Include="D:\GameDev\X3Native-attach\app\destinations.cpp">
      <Filter>Source Files</Filter>
    </ClCompile>
    <ClCompile Include="D:\GameDev\X3Native-attach\app\world_menu.cpp">
      <Filter>Source Files</Filter>
    </ClCompile>
    <ClCompile Include="D:\GameDev\X3Native-attach\app\space_pilot.cpp">
      <Filter>Source Files</Filter>
    </ClCompile>
    <ClCompile Include="D:\GameDev\X3Native-attach\app\space\ship_ai.cpp">
      <Filter>Source Files</Filter>
    </ClCompile>
    <ClCompile Include="D:\GameDev\X3Native-attach\app\space\targeting.cpp">
      <Filter>Source Files</Filter>
    </ClCompile>
    <ClCompile Include="D:\GameDev\X3Native-attach\app\space\ship_damage.cpp">
      <Filter>Source Files</Filter>
    </ClCompile>
    <ClCompile Include="D:\GameDev\X3Native-attach\app\space\space_layer.cpp">
      <Filter>Source Files</Filter>
    </ClCompile>
    <ClCompile Include="D:\GameDev\X3Native-attach\app\space\descent.cpp">
      <Filter>Source Files</Filter>
    </ClCompile>
    <ClCompile Include="D:\GameDev\X3Native-attach\app\space\eva.cpp">
      <Filter>Source Files</Filter>
    </ClCompile>
    <ClCompile Include="D:\GameDev\X3Native-attach\app\space\lod.cpp">
      <Filter>Source Files</Filter>
    </ClCompile>
    <ClCompile Include="D:\GameDev\X3Native-attach\app\space\decloak_vfx.cpp">
      <Filter>Source Files</Filter>
    </ClCompile>
    <ClCompile Include="D:\GameDev\X3Native-attach\app\space\space_env.cpp">
      <Filter>Source Files</Filter>
    </ClCompile>
    <ClCompile Include="D:\GameDev\X3Native-attach\app\intro_orchestrator.cpp">
      <Filter>Source Files</Filter>
    </ClCompile>
    <ClCompile Include="D:\GameDev\X3Native-attach\app\scene.cpp">
      <Filter>Source Files</Filter>
    </ClCompile>
    <ClCompile Include="D:\GameDev\X3Native-attach\app\level.cpp">
      <Filter>Source Files</Filter>
    </ClCompile>
    <ClCompile Include="D:\GameDev\X3Native-attach\app\level1.cpp">
      <Filter>Source Files</Filter>
    </ClCompile>
    <ClCompile Include="D:\GameDev\X3Native-attach\app\level_lint.cpp">
      <Filter>Source Files</Filter>
    </ClCompile>
    <ClCompile Include="D:\GameDev\X3Native-attach\app\level_loader.cpp">
      <Filter>Source Files</Filter>
    </ClCompile>
    <ClCompile Include="D:\GameDev\X3Native-attach\app\leveldoc_world.cpp">
      <Filter>Source Files</Filter>
    </ClCompile>
    <ClCompile Include="D:\GameDev\X3Native-attach\app\player.cpp">
      <Filter>Source Files</Filter>
    </ClCompile>
    <ClCompile Include="D:\GameDev\X3Native-attach\app\door.cpp">
      <Filter>Source Files</Filter>
    </ClCompile>
    <ClCompile Include="D:\GameDev\X3Native-attach\app\keypad.cpp">
      <Filter>Source Files</Filter>
    </ClCompile>
    <ClCompile Include="D:\GameDev\X3Native-attach\app\physprops.cpp">
      <Filter>Source Files</Filter>
    </ClCompile>
    <ClCompile Include="D:\GameDev\X3Native-attach\app\ragdoll.cpp">
      <Filter>Source Files</Filter>
    </ClCompile>
    <ClCompile Include="D:\GameDev\X3Native-attach\app\barrels.cpp">
      <Filter>Source Files</Filter>
    </ClCompile>
    <ClCompile Include="D:\GameDev\X3Native-attach\app\glass_test.cpp">
      <Filter>Source Files</Filter>
    </ClCompile>
    <ClCompile Include="D:\GameDev\X3Native-attach\app\holo_panel.cpp">
      <Filter>Source Files</Filter>
    </ClCompile>
    <ClCompile Include="D:\GameDev\X3Native-attach\app\holo_terminal.cpp">
      <Filter>Source Files</Filter>
    </ClCompile>
    <ClCompile Include="D:\GameDev\X3Native-attach\app\secret_room.cpp">
      <Filter>Source Files</Filter>
    </ClCompile>
    <ClCompile Include="D:\GameDev\X3Native-attach\app\ecs_render.cpp">
      <Filter>Source Files</Filter>
    </ClCompile>
    <ClCompile Include="D:\GameDev\X3Native-attach\app\editor\editor.cpp">
      <Filter>Source Files</Filter>
    </ClCompile>
    <ClCompile Include="D:\GameDev\X3Native-attach\app\editor\editor_keybinds.cpp">
      <Filter>Source Files</Filter>
    </ClCompile>
    <ClCompile Include="D:\GameDev\X3Native-attach\app\editor\editor_host.cpp">
      <Filter>Source Files</Filter>
    </ClCompile>
    <ClCompile Include="D:\GameDev\X3Native-attach\app\elevator.cpp">
      <Filter>Source Files</Filter>
    </ClCompile>
    <ClCompile Include="D:\GameDev\X3Native-attach\app\elevator_showcase.cpp">
      <Filter>Source Files</Filter>
    </ClCompile>
    <ClCompile Include="D:\GameDev\X3Native-attach\app\strata.cpp">
      <Filter>Source Files</Filter>
    </ClCompile>
    <ClCompile Include="D:\GameDev\X3Native-attach\app\weapon.cpp">
      <Filter>Source Files</Filter>
    </ClCompile>
    <ClCompile Include="D:\GameDev\X3Native-attach\app\monster.cpp">
      <Filter>Source Files</Filter>
    </ClCompile>
    <ClCompile Include="D:\GameDev\X3Native-attach\app\anim.cpp">
      <Filter>Source Files</Filter>
    </ClCompile>
    <ClCompile Include="D:\GameDev\X3Native-attach\app\thirdperson.cpp">
      <Filter>Source Files</Filter>
    </ClCompile>
    <ClCompile Include="D:\GameDev\X3Native-attach\app\melee.cpp">
      <Filter>Source Files</Filter>
    </ClCompile>
    <ClCompile Include="D:\GameDev\X3Native-attach\app\objective.cpp">
      <Filter>Source Files</Filter>
    </ClCompile>
    <ClCompile Include="D:\GameDev\X3Native-attach\app\trigger.cpp">
      <Filter>Source Files</Filter>
    </ClCompile>
    <ClCompile Include="D:\GameDev\X3Native-attach\app\rescue.cpp">
      <Filter>Source Files</Filter>
    </ClCompile>
    <ClCompile Include="D:\GameDev\X3Native-attach\app\npc_dialog.cpp">
      <Filter>Source Files</Filter>
    </ClCompile>
    <ClCompile Include="D:\GameDev\X3Native-attach\app\story_ops.cpp">
      <Filter>Source Files</Filter>
    </ClCompile>
    <ClCompile Include="D:\GameDev\X3Native-attach\app\chat_tree.cpp">
      <Filter>Source Files</Filter>
    </ClCompile>
    <ClCompile Include="D:\GameDev\X3Native-attach\app\mission.cpp">
      <Filter>Source Files</Filter>
    </ClCompile>
    <ClCompile Include="D:\GameDev\X3Native-attach\app\level1_game.cpp">
      <Filter>Source Files</Filter>
    </ClCompile>
    <ClCompile Include="D:\GameDev\X3Native-attach\app\canon_play.cpp">
      <Filter>Source Files</Filter>
    </ClCompile>
    <ClCompile Include="D:\GameDev\X3Native-attach\app\interactables.cpp">
      <Filter>Source Files</Filter>
    </ClCompile>
    <ClCompile Include="D:\GameDev\X3Native-attach\app\desc_mechanics.cpp">
      <Filter>Source Files</Filter>
    </ClCompile>
    <ClCompile Include="D:\GameDev\X3Native-attach\app\canon_45.cpp">
      <Filter>Source Files</Filter>
    </ClCompile>
    <ClCompile Include="D:\GameDev\X3Native-attach\app\cell_dressing.cpp">
      <Filter>Source Files</Filter>
    </ClCompile>
    <ClCompile Include="D:\GameDev\X3Native-attach\app\room_dressing.cpp">
      <Filter>Source Files</Filter>
    </ClCompile>
    <ClCompile Include="D:\GameDev\X3Native-attach\app\facility_exterior.cpp">
      <Filter>Source Files</Filter>
    </ClCompile>
    <ClCompile Include="D:\GameDev\X3Native-attach\app\surface_library.cpp">
      <Filter>Source Files</Filter>
    </ClCompile>
    <ClCompile Include="D:\GameDev\X3Native-attach\app\intro_coldopen.cpp">
      <Filter>Source Files</Filter>
    </ClCompile>
    <ClCompile Include="D:\GameDev\X3Native-attach\app\cutscene.cpp">
      <Filter>Source Files</Filter>
    </ClCompile>
    <ClCompile Include="D:\GameDev\X3Native-attach\app\spire_mid.cpp">
      <Filter>Source Files</Filter>
    </ClCompile>
    <ClCompile Include="D:\GameDev\X3Native-attach\app\spire_top.cpp">
      <Filter>Source Files</Filter>
    </ClCompile>
    <ClCompile Include="D:\GameDev\X3Native-attach\app\spire_nexus.cpp">
      <Filter>Source Files</Filter>
    </ClCompile>
    <ClCompile Include="D:\GameDev\X3Native-attach\app\spire_sublevels.cpp">
      <Filter>Source Files</Filter>
    </ClCompile>
    <ClCompile Include="D:\GameDev\X3Native-attach\app\timeline.cpp">
      <Filter>Source Files</Filter>
    </ClCompile>
    <ClCompile Include="D:\GameDev\X3Native-attach\app\act2_world.cpp">
      <Filter>Source Files</Filter>
    </ClCompile>
    <ClCompile Include="D:\GameDev\X3Native-attach\app\act2_desert.cpp">
      <Filter>Source Files</Filter>
    </ClCompile>
    <ClCompile Include="D:\GameDev\X3Native-attach\app\act2_caves.cpp">
      <Filter>Source Files</Filter>
    </ClCompile>
    <ClCompile Include="D:\GameDev\X3Native-attach\app\tod.cpp">
      <Filter>Source Files</Filter>
    </ClCompile>
    <ClCompile Include="D:\GameDev\X3Native-attach\app\weather.cpp">
      <Filter>Source Files</Filter>
    </ClCompile>
    <ClCompile Include="D:\GameDev\X3Native-attach\app\world_regions.cpp">
      <Filter>Source Files</Filter>
    </ClCompile>
    <ClCompile Include="D:\GameDev\X3Native-attach\app\world_stream.cpp">
      <Filter>Source Files</Filter>
    </ClCompile>
    <ClCompile Include="D:\GameDev\X3Native-attach\app\world_map.cpp">
      <Filter>Source Files</Filter>
    </ClCompile>
    <ClCompile Include="D:\GameDev\X3Native-attach\app\city.cpp">
      <Filter>Source Files</Filter>
    </ClCompile>
    <ClCompile Include="D:\GameDev\X3Native-attach\app\ocean_base.cpp">
      <Filter>Source Files</Filter>
    </ClCompile>
    <ClCompile Include="D:\GameDev\X3Native-attach\app\save.cpp">
      <Filter>Source Files</Filter>
    </ClCompile>
    <ClCompile Include="D:\GameDev\X3Native-attach\app\dialog.cpp">
      <Filter>Source Files</Filter>
    </ClCompile>
    <ClCompile Include="D:\GameDev\X3Native-attach\app\env_art.cpp">
      <Filter>Source Files</Filter>
    </ClCompile>
    <ClCompile Include="D:\GameDev\X3Native-attach\app\club1127.cpp">
      <Filter>Source Files</Filter>
    </ClCompile>
    <ClCompile Include="D:\GameDev\X3Native-attach\app\cues.cpp">
      <Filter>Source Files</Filter>
    </ClCompile>
    <ClCompile Include="D:\GameDev\X3Native-attach\app\valley.cpp">
      <Filter>Source Files</Filter>
    </ClCompile>
    <ClCompile Include="D:\GameDev\X3Native-attach\app\cliffs.cpp">
      <Filter>Source Files</Filter>
    </ClCompile>
    <ClCompile Include="D:\GameDev\X3Native-attach\app\terrain.cpp">
      <Filter>Source Files</Filter>
    </ClCompile>
    <ClCompile Include="D:\GameDev\X3Native-attach\app\vehicle.cpp">
      <Filter>Source Files</Filter>
    </ClCompile>
    <ClCompile Include="D:\GameDev\X3Native-attach\app\world_cars.cpp">
      <Filter>Source Files</Filter>
    </ClCompile>
    <ClCompile Include="D:\GameDev\X3Native-attach\app\street_lights.cpp">
      <Filter>Source Files</Filter>
    </ClCompile>
    <ClCompile Include="D:\GameDev\X3Native-attach\app\vehparts.cpp">
      <Filter>Source Files</Filter>
    </ClCompile>
    <ClCompile Include="D:\GameDev\X3Native-attach\app\perfshop.cpp">
      <Filter>Source Files</Filter>
    </ClCompile>
    <ClCompile Include="D:\GameDev\X3Native-attach\app\ecology.cpp">
      <Filter>Source Files</Filter>
    </ClCompile>
    <ClCompile Include="D:\GameDev\X3Native-attach\app\crowd.cpp">
      <Filter>Source Files</Filter>
    </ClCompile>
    <ClCompile Include="D:\GameDev\X3Native-attach\app\crowd_skin.cpp">
      <Filter>Source Files</Filter>
    </ClCompile>
    <ClCompile Include="D:\GameDev\X3Native-attach\app\crowd_chatter.cpp">
      <Filter>Source Files</Filter>
    </ClCompile>
    <ClCompile Include="D:\GameDev\X3Native-attach\app\alert.cpp">
      <Filter>Source Files</Filter>
    </ClCompile>
    <ClCompile Include="D:\GameDev\X3Native-attach\app\fx.cpp">
      <Filter>Source Files</Filter>
    </ClCompile>
    <ClCompile Include="D:\GameDev\X3Native-attach\app\hud.cpp">
      <Filter>Source Files</Filter>
    </ClCompile>
    <ClCompile Include="D:\GameDev\X3Native-attach\app\loading_screen.cpp">
      <Filter>Source Files</Filter>
    </ClCompile>
    <ClCompile Include="D:\GameDev\X3Native-attach\app\canon_aliens.cpp">
      <Filter>Source Files</Filter>
    </ClCompile>
    <ClCompile Include="D:\GameDev\X3Native-attach\app\item_db.cpp">
      <Filter>Source Files</Filter>
    </ClCompile>
    <ClCompile Include="D:\GameDev\X3Native-attach\app\inventory.cpp">
      <Filter>Source Files</Filter>
    </ClCompile>
    <ClCompile Include="D:\GameDev\X3Native-attach\app\progression.cpp">
      <Filter>Source Files</Filter>
    </ClCompile>
    <ClCompile Include="D:\GameDev\X3Native-attach\app\skilltree.cpp">
      <Filter>Source Files</Filter>
    </ClCompile>
    <ClCompile Include="D:\GameDev\X3Native-attach\app\rpg_ui.cpp">
      <Filter>Source Files</Filter>
    </ClCompile>
    <ClCompile Include="D:\GameDev\X3Native-attach\app\attachments.cpp">
      <Filter>Source Files</Filter>
    </ClCompile>
    <ClCompile Include="D:\GameDev\X3Native-attach\app\attach_view.cpp">
      <Filter>Source Files</Filter>
    </ClCompile>
    <ClCompile Include="D:\GameDev\X3Native-attach\app\weapon_bench.cpp">
      <Filter>Source Files</Filter>
    </ClCompile>
    <ClCompile Include="D:\GameDev\X3Native-attach\app\ui.cpp">
      <Filter>Source Files</Filter>
    </ClCompile>
  </ItemGroup>
  <ItemGroup>
    <CustomBuild Include="D:\GameDev\X3Native-attach\app\CMakeLists.txt" />
  </ItemGroup>
  <ItemGroup>
    <Filter Include="Source Files">
      <UniqueIdentifier>{52F095C5-AD35-3631-8B9C-F6884ECB5F32}</UniqueIdentifier>
    </Filter>
  </ItemGroup>
</Project>
