<?xml version="1.0" encoding="utf-8"?>
<Project ToolsVersion="18.0" xmlns="http://schemas.microsoft.com/developer/msbuild/2003">
  <ItemGroup>
    <CustomBuild Include="D:\GameDev\X3Native-attach\build-attach\CMakeFiles\e7d7eef810356fb74b24924817840e94\INSTALL_force.rule">
      <Filter>CMake Rules</Filter>
    </CustomBuild>
  </ItemGroup>
  <ItemGroup>
    <Filter Include="CMake Rules">
      <UniqueIdentifier>{F012E4A6-8C21-35FD-A24E-C913CF3B0F3C}</UniqueIdentifier>
    </Filter>
  </ItemGroup>
</Project>
