<?xml version="1.0" encoding="utf-8"?>
<Project ToolsVersion="18.0" xmlns="http://schemas.microsoft.com/developer/msbuild/2003">
  <ItemGroup>
    <ClCompile Include="D:\GameDev\X3Native-attach\engine\core\x3_log.cpp">
      <Filter>Source Files</Filter>
    </ClCompile>
    <ClCompile Include="D:\GameDev\X3Native-attach\engine\core\x3_boot.cpp">
      <Filter>Source Files</Filter>
    </ClCompile>
    <ClCompile Include="D:\GameDev\X3Native-attach\engine\core\Console.cpp">
      <Filter>Source Files</Filter>
    </ClCompile>
    <ClCompile Include="D:\GameDev\X3Native-attach\engine\core\JobSystem.cpp">
      <Filter>Source Files</Filter>
    </ClCompile>
    <ClCompile Include="D:\GameDev\X3Native-attach\engine\ecs\Ecs.cpp">
      <Filter>Source Files</Filter>
    </ClCompile>
    <ClCompile Include="D:\GameDev\X3Native-attach\engine\rhi\VulkanRenderDevice.cpp">
      <Filter>Source Files</Filter>
    </ClCompile>
    <ClCompile Include="D:\GameDev\X3Native-attach\engine\rhi\vk\vk_stb_impl.cpp">
      <Filter>Source Files</Filter>
    </ClCompile>
    <ClCompile Include="D:\GameDev\X3Native-attach\engine\rhi\vk\vk_resources.cpp">
      <Filter>Source Files</Filter>
    </ClCompile>
    <ClCompile Include="D:\GameDev\X3Native-attach\engine\rhi\vk\vk_pipelines.cpp">
      <Filter>Source Files</Filter>
    </ClCompile>
    <ClCompile Include="D:\GameDev\X3Native-attach\engine\rhi\vk\vk_targets.cpp">
      <Filter>Source Files</Filter>
    </ClCompile>
    <ClCompile Include="D:\GameDev\X3Native-attach\engine\rhi\vk\vk_gi_rt.cpp">
      <Filter>Source Files</Filter>
    </ClCompile>
    <ClCompile Include="D:\GameDev\X3Native-attach\engine\rhi\vk\vk_passes.cpp">
      <Filter>Source Files</Filter>
    </ClCompile>
    <ClCompile Include="D:\GameDev\X3Native-attach\engine\rhi\vk\vk_graph.cpp">
      <Filter>Source Files</Filter>
    </ClCompile>
    <ClCompile Include="D:\GameDev\X3Native-attach\engine\rhi\RenderGraph.cpp">
      <Filter>Source Files</Filter>
    </ClCompile>
    <ClCompile Include="D:\GameDev\X3Native-attach\engine\rhi\GpuCull.cpp">
      <Filter>Source Files</Filter>
    </ClCompile>
    <ClCompile Include="D:\GameDev\X3Native-attach\engine\rhi\Visibility.cpp">
      <Filter>Source Files</Filter>
    </ClCompile>
    <ClCompile Include="D:\GameDev\X3Native-attach\engine\rhi\vma_impl.cpp">
      <Filter>Source Files</Filter>
    </ClCompile>
    <ClCompile Include="D:\GameDev\X3Native-attach\engine\asset\PakAssetSource.cpp">
      <Filter>Source Files</Filter>
    </ClCompile>
    <ClCompile Include="D:\GameDev\X3Native-attach\engine\physics\JoltPhysicsWorld.cpp">
      <Filter>Source Files</Filter>
    </ClCompile>
    <ClCompile Include="D:\GameDev\X3Native-attach\engine\physics\JoltVehicle.cpp">
      <Filter>Source Files</Filter>
    </ClCompile>
    <ClCompile Include="D:\GameDev\X3Native-attach\engine\physics\Destruction.cpp">
      <Filter>Source Files</Filter>
    </ClCompile>
    <ClCompile Include="D:\GameDev\X3Native-attach\engine\physics\StructuralCollapse.cpp">
      <Filter>Source Files</Filter>
    </ClCompile>
    <ClCompile Include="D:\GameDev\X3Native-attach\engine\physics\Ragdoll.cpp">
      <Filter>Source Files</Filter>
    </ClCompile>
    <ClCompile Include="D:\GameDev\X3Native-attach\engine\ai\Navigation.cpp">
      <Filter>Source Files</Filter>
    </ClCompile>
    <ClCompile Include="D:\GameDev\X3Native-attach\engine\asset\ModelLoader.cpp">
      <Filter>Source Files</Filter>
    </ClCompile>
    <ClCompile Include="D:\GameDev\X3Native-attach\engine\audio\MiniaudioSystem.cpp">
      <Filter>Source Files</Filter>
    </ClCompile>
    <ClCompile Include="D:\GameDev\X3Native-attach\engine\audio\RtAcoustics.cpp">
      <Filter>Source Files</Filter>
    </ClCompile>
    <ClCompile Include="D:\GameDev\X3Native-attach\engine\net\LoopbackTransport.cpp">
      <Filter>Source Files</Filter>
    </ClCompile>
    <ClCompile Include="D:\GameDev\X3Native-attach\engine\net\Replication.cpp">
      <Filter>Source Files</Filter>
    </ClCompile>
    <ClCompile Include="D:\GameDev\X3Native-attach\engine\net\NetworkSystem.cpp">
      <Filter>Source Files</Filter>
    </ClCompile>
    <ClCompile Include="D:\GameDev\X3Native-attach\engine\net\SnapshotInterpolator.cpp">
      <Filter>Source Files</Filter>
    </ClCompile>
    <ClCompile Include="D:\GameDev\X3Native-attach\engine\net\ClientPredictor.cpp">
      <Filter>Source Files</Filter>
    </ClCompile>
    <ClCompile Include="D:\GameDev\X3Native-attach\engine\script\LuaScriptSystem.cpp">
      <Filter>Source Files</Filter>
    </ClCompile>
    <ClCompile Include="D:\GameDev\X3Native-attach\engine\llm\MockLlmSystem.cpp">
      <Filter>Source Files</Filter>
    </ClCompile>
    <ClCompile Include="D:\GameDev\X3Native-attach\engine\llm\LlamaLlmSystem.cpp">
      <Filter>Source Files</Filter>
    </ClCompile>
    <ClCompile Include="D:\GameDev\X3Native-attach\engine\llm\LlmSelfTest.cpp">
      <Filter>Source Files</Filter>
    </ClCompile>
  </ItemGroup>
  <ItemGroup>
    <CustomBuild Include="D:\GameDev\X3Native-attach\engine\CMakeLists.txt" />
  </ItemGroup>
  <ItemGroup>
    <Filter Include="Source Files">
      <UniqueIdentifier>{52F095C5-AD35-3631-8B9C-F6884ECB5F32}</UniqueIdentifier>
    </Filter>
  </ItemGroup>
</Project>
